// !$*UTF8*$!
{
	archiveVersion = 1;
	classes = {
	};
	objectVersion = 46;
	objects = {

/* Begin PBXBuildFile section */
		F71E94C5155A10CC0014A1D8 /* libFMDB.a in Frameworks */ = {isa = PBXBuildFile; fileRef = F71E94C4155A107B0014A1D8 /* libFMDB.a */; };
		F7429EDE155A1FA900AAFE2B /* libsqlite3.dylib in Frameworks */ = {isa = PBXBuildFile; fileRef = F7429EDD155A1FA900AAFE2B /* libsqlite3.dylib */; };
		F7F06E0A1550B48A00365CB5 /* CoreServices.framework in Frameworks */ = {isa = PBXBuildFile; fileRef = F7F06E091550B48A00365CB5 /* CoreServices.framework */; };
		F7F06E0C1550B48A00365CB5 /* CoreFoundation.framework in Frameworks */ = {isa = PBXBuildFile; fileRef = F7F06E0B1550B48A00365CB5 /* CoreFoundation.framework */; };
		F7F06E0E1550B48A00365CB5 /* CoreData.framework in Frameworks */ = {isa = PBXBuildFile; fileRef = F7F06E0D1550B48A00365CB5 /* CoreData.framework */; };
		F7F06E101550B48A00365CB5 /* Foundation.framework in Frameworks */ = {isa = PBXBuildFile; fileRef = F7F06E0F1550B48A00365CB5 /* Foundation.framework */; };
		F7F06E161550B48A00365CB5 /* InfoPlist.strings in Resources */ = {isa = PBXBuildFile; fileRef = F7F06E141550B48A00365CB5 /* InfoPlist.strings */; };
		F7F06E181550B48A00365CB5 /* main.c in Sources */ = {isa = PBXBuildFile; fileRef = F7F06E171550B48A00365CB5 /* main.c */; };
		F7F06E1A1550B48A00365CB5 /* GetMetadataForFile.m in Sources */ = {isa = PBXBuildFile; fileRef = F7F06E191550B48A00365CB5 /* GetMetadataForFile.m */; };
		F7F06E1D1550B48A00365CB5 /* LSIImporter.m in Sources */ = {isa = PBXBuildFile; fileRef = F7F06E1C1550B48A00365CB5 /* LSIImporter.m */; };
		F7F06E291550CE3E00365CB5 /* schema.xml in Resources */ = {isa = PBXBuildFile; fileRef = F7F06E281550CE3E00365CB5 /* schema.xml */; };
		F7F06E2B1550CE4F00365CB5 /* schema.strings in Resources */ = {isa = PBXBuildFile; fileRef = F7F06E2A1550CE4F00365CB5 /* schema.strings */; };
/* End PBXBuildFile section */

/* Begin PBXContainerItemProxy section */
		F71E94C1155A107B0014A1D8 /* PBXContainerItemProxy */ = {
			isa = PBXContainerItemProxy;
			containerPortal = F71E94B8155A107B0014A1D8 /* fmdb.xcodeproj */;
			proxyType = 2;
			remoteGlobalIDString = 8DD76FA10486AA7600D96B5E;
			remoteInfo = fmdb;
		};
		F71E94C3155A107B0014A1D8 /* PBXContainerItemProxy */ = {
			isa = PBXContainerItemProxy;
			containerPortal = F71E94B8155A107B0014A1D8 /* fmdb.xcodeproj */;
			proxyType = 2;
			remoteGlobalIDString = EE4290EF12B42F870088BD94;
			remoteInfo = FMDB;
		};
		F71E94DE155A14C70014A1D8 /* PBXContainerItemProxy */ = {
			isa = PBXContainerItemProxy;
			containerPortal = F71E94B8155A107B0014A1D8 /* fmdb.xcodeproj */;
			proxyType = 1;
			remoteGlobalIDString = EE4290EE12B42F870088BD94;
			remoteInfo = FMDB;
		};
/* End PBXContainerItemProxy section */

/* Begin PBXFileReference section */
		F71E94B8155A107B0014A1D8 /* fmdb.xcodeproj */ = {isa = PBXFileReference; lastKnownFileType = "wrapper.pb-project"; name = fmdb.xcodeproj; path = ../fmdb/fmdb.xcodeproj; sourceTree = "<group>"; };
		F7429EDD155A1FA900AAFE2B /* libsqlite3.dylib */ = {isa = PBXFileReference; lastKnownFileType = "compiled.mach-o.dylib"; name = libsqlite3.dylib; path = usr/lib/libsqlite3.dylib; sourceTree = SDKROOT; };
		F7F06E061550B48A00365CB5 /* LightroomSpotlightImporter.mdimporter */ = {isa = PBXFileReference; explicitFileType = wrapper.cfbundle; includeInIndex = 0; path = LightroomSpotlightImporter.mdimporter; sourceTree = BUILT_PRODUCTS_DIR; };
		F7F06E091550B48A00365CB5 /* CoreServices.framework */ = {isa = PBXFileReference; lastKnownFileType = wrapper.framework; name = CoreServices.framework; path = System/Library/Frameworks/CoreServices.framework; sourceTree = SDKROOT; };
		F7F06E0B1550B48A00365CB5 /* CoreFoundation.framework */ = {isa = PBXFileReference; lastKnownFileType = wrapper.framework; name = CoreFoundation.framework; path = System/Library/Frameworks/CoreFoundation.framework; sourceTree = SDKROOT; };
		F7F06E0D1550B48A00365CB5 /* CoreData.framework */ = {isa = PBXFileReference; lastKnownFileType = wrapper.framework; name = CoreData.framework; path = System/Library/Frameworks/CoreData.framework; sourceTree = SDKROOT; };
		F7F06E0F1550B48A00365CB5 /* Foundation.framework */ = {isa = PBXFileReference; lastKnownFileType = wrapper.framework; name = Foundation.framework; path = System/Library/Frameworks/Foundation.framework; sourceTree = SDKROOT; };
		F7F06E131550B48A00365CB5 /* LightroomSpotlightImporter-Info.plist */ = {isa = PBXFileReference; lastKnownFileType = text.plist.xml; path = "LightroomSpotlightImporter-Info.plist"; sourceTree = "<group>"; };
		F7F06E151550B48A00365CB5 /* en */ = {isa = PBXFileReference; lastKnownFileType = text.plist.strings; name = en; path = en.lproj/InfoPlist.strings; sourceTree = "<group>"; };
		F7F06E171550B48A00365CB5 /* main.c */ = {isa = PBXFileReference; lastKnownFileType = sourcecode.c.c; lineEnding = 0; path = main.c; sourceTree = "<group>"; xcLanguageSpecificationIdentifier = xcode.lang.c; };
		F7F06E191550B48A00365CB5 /* GetMetadataForFile.m */ = {isa = PBXFileReference; lastKnownFileType = sourcecode.c.objc; lineEnding = 0; path = GetMetadataForFile.m; sourceTree = "<group>"; xcLanguageSpecificationIdentifier = xcode.lang.objc; };
		F7F06E1B1550B48A00365CB5 /* LSIImporter.h */ = {isa = PBXFileReference; lastKnownFileType = sourcecode.c.h; lineEnding = 0; path = LSIImporter.h; sourceTree = "<group>"; xcLanguageSpecificationIdentifier = xcode.lang.objcpp; };
		F7F06E1C1550B48A00365CB5 /* LSIImporter.m */ = {isa = PBXFileReference; lastKnownFileType = sourcecode.c.objc; lineEnding = 0; path = LSIImporter.m; sourceTree = "<group>"; xcLanguageSpecificationIdentifier = xcode.lang.objc; };
		F7F06E1E1550B48A00365CB5 /* Importer Read Me.txt */ = {isa = PBXFileReference; lastKnownFileType = text; lineEnding = 0; path = "Importer Read Me.txt"; sourceTree = "<group>"; };
		F7F06E1F1550B48A00365CB5 /* LightroomSpotlightImporter-Prefix.pch */ = {isa = PBXFileReference; lastKnownFileType = sourcecode.c.h; lineEnding = 0; path = "LightroomSpotlightImporter-Prefix.pch"; sourceTree = "<group>"; xcLanguageSpecificationIdentifier = xcode.lang.objc; };
		F7F06E251550BACA00365CB5 /* Prefix.pch */ = {isa = PBXFileReference; fileEncoding = 4; lastKnownFileType = sourcecode.c.h; name = Prefix.pch; path = ../../LightroomCatalogManager/LightroomCatalogManager/Prefix.pch; sourceTree = "<group>"; };
		F7F06E281550CE3E00365CB5 /* schema.xml */ = {isa = PBXFileReference; fileEncoding = 4; lastKnownFileType = text.xml; path = schema.xml; sourceTree = "<group>"; };
		F7F06E2A1550CE4F00365CB5 /* schema.strings */ = {isa = PBXFileReference; fileEncoding = 4; lastKnownFileType = text.plist.strings; path = schema.strings; sourceTree = "<group>"; };
/* End PBXFileReference section */

/* Begin PBXFrameworksBuildPhase section */
		F7F06E031550B48A00365CB5 /* Frameworks */ = {
			isa = PBXFrameworksBuildPhase;
			buildActionMask = 2147483647;
			files = (
				F7429EDE155A1FA900AAFE2B /* libsqlite3.dylib in Frameworks */,
				F71E94C5155A10CC0014A1D8 /* libFMDB.a in Frameworks */,
				F7F06E0A1550B48A00365CB5 /* CoreServices.framework in Frameworks */,
				F7F06E0C1550B48A00365CB5 /* CoreFoundation.framework in Frameworks */,
				F7F06E0E1550B48A00365CB5 /* CoreData.framework in Frameworks */,
				F7F06E101550B48A00365CB5 /* Foundation.framework in Frameworks */,
			);
			runOnlyForDeploymentPostprocessing = 0;
		};
/* End PBXFrameworksBuildPhase section */

/* Begin PBXGroup section */
		F71E94B9155A107B0014A1D8 /* Products */ = {
			isa = PBXGroup;
			children = (
				F71E94C2155A107B0014A1D8 /* fmdb */,
				F71E94C4155A107B0014A1D8 /* libFMDB.a */,
			);
			name = Products;
			sourceTree = "<group>";
		};
		F7F06DFB1550B48900365CB5 = {
			isa = PBXGroup;
			children = (
				F7429EDD155A1FA900AAFE2B /* libsqlite3.dylib */,
				F71E94B8155A107B0014A1D8 /* fmdb.xcodeproj */,
				F7F06E111550B48A00365CB5 /* LightroomSpotlightImporter */,
				F7F06E081550B48A00365CB5 /* Frameworks */,
				F7F06E071550B48A00365CB5 /* Products */,
			);
			sourceTree = "<group>";
		};
		F7F06E071550B48A00365CB5 /* Products */ = {
			isa = PBXGroup;
			children = (
				F7F06E061550B48A00365CB5 /* LightroomSpotlightImporter.mdimporter */,
			);
			name = Products;
			sourceTree = "<group>";
		};
		F7F06E081550B48A00365CB5 /* Frameworks */ = {
			isa = PBXGroup;
			children = (
				F7F06E091550B48A00365CB5 /* CoreServices.framework */,
				F7F06E0B1550B48A00365CB5 /* CoreFoundation.framework */,
				F7F06E0D1550B48A00365CB5 /* CoreData.framework */,
				F7F06E0F1550B48A00365CB5 /* Foundation.framework */,
			);
			name = Frameworks;
			sourceTree = "<group>";
		};
		F7F06E111550B48A00365CB5 /* LightroomSpotlightImporter */ = {
			isa = PBXGroup;
			children = (
				F7F06E191550B48A00365CB5 /* GetMetadataForFile.m */,
				F7F06E1B1550B48A00365CB5 /* LSIImporter.h */,
				F7F06E1C1550B48A00365CB5 /* LSIImporter.m */,
				F7F06E1E1550B48A00365CB5 /* Importer Read Me.txt */,
				F7F06E121550B48A00365CB5 /* Supporting Files */,
			);
			name = LightroomSpotlightImporter;
			path = /Users/bittondb/src/LightroomSpotlightImporter/LightroomSpotlightImporter;
			sourceTree = "<absolute>";
		};
		F7F06E121550B48A00365CB5 /* Supporting Files */ = {
			isa = PBXGroup;
			children = (
				F7F06E251550BACA00365CB5 /* Prefix.pch */,
				F7F06E131550B48A00365CB5 /* LightroomSpotlightImporter-Info.plist */,
				F7F06E141550B48A00365CB5 /* InfoPlist.strings */,
				F7F06E171550B48A00365CB5 /* main.c */,
				F7F06E1F1550B48A00365CB5 /* LightroomSpotlightImporter-Prefix.pch */,
				F7F06E281550CE3E00365CB5 /* schema.xml */,
				F7F06E2A1550CE4F00365CB5 /* schema.strings */,
			);
			name = "Supporting Files";
			sourceTree = "<group>";
		};
/* End PBXGroup section */

/* Begin PBXNativeTarget section */
		F7F06E051550B48A00365CB5 /* LightroomSpotlightImporter */ = {
			isa = PBXNativeTarget;
			buildConfigurationList = F7F06E221550B48A00365CB5 /* Build configuration list for PBXNativeTarget "LightroomSpotlightImporter" */;
			buildPhases = (
				F7F06E021550B48A00365CB5 /* Sources */,
				F7F06E031550B48A00365CB5 /* Frameworks */,
				F7F06E041550B48A00365CB5 /* Resources */,
				F7979863155220FD00CB9679 /* ShellScript */,
			);
			buildRules = (
			);
			dependencies = (
				F71E94DF155A14C70014A1D8 /* PBXTargetDependency */,
			);
			name = LightroomSpotlightImporter;
			productName = LightroomSpotlightImporter;
			productReference = F7F06E061550B48A00365CB5 /* LightroomSpotlightImporter.mdimporter */;
			productType = "com.apple.product-type.bundle";
		};
/* End PBXNativeTarget section */

/* Begin PBXProject section */
		F7F06DFD1550B48900365CB5 /* Project object */ = {
			isa = PBXProject;
			attributes = {
				CLASSPREFIX = LSI;
				LastUpgradeCheck = 0430;
				ORGANIZATIONNAME = "Code No Evil LLC";
			};
			buildConfigurationList = F7F06E001550B48900365CB5 /* Build configuration list for PBXProject "LightroomSpotlightImporter" */;
			compatibilityVersion = "Xcode 3.2";
			developmentRegion = English;
			hasScannedForEncodings = 0;
			knownRegions = (
				en,
			);
			mainGroup = F7F06DFB1550B48900365CB5;
			productRefGroup = F7F06E071550B48A00365CB5 /* Products */;
			projectDirPath = "";
			projectReferences = (
				{
					ProductGroup = F71E94B9155A107B0014A1D8 /* Products */;
					ProjectRef = F71E94B8155A107B0014A1D8 /* fmdb.xcodeproj */;
				},
			);
			projectRoot = "";
			targets = (
				F7F06E051550B48A00365CB5 /* LightroomSpotlightImporter */,
			);
		};
/* End PBXProject section */

/* Begin PBXReferenceProxy section */
		F71E94C2155A107B0014A1D8 /* fmdb */ = {
			isa = PBXReferenceProxy;
			fileType = "compiled.mach-o.executable";
			path = fmdb;
			remoteRef = F71E94C1155A107B0014A1D8 /* PBXContainerItemProxy */;
			sourceTree = BUILT_PRODUCTS_DIR;
		};
		F71E94C4155A107B0014A1D8 /* libFMDB.a */ = {
			isa = PBXReferenceProxy;
			fileType = archive.ar;
			path = libFMDB.a;
			remoteRef = F71E94C3155A107B0014A1D8 /* PBXContainerItemProxy */;
			sourceTree = BUILT_PRODUCTS_DIR;
		};
/* End PBXReferenceProxy section */

/* Begin PBXResourcesBuildPhase section */
		F7F06E041550B48A00365CB5 /* Resources */ = {
			isa = PBXResourcesBuildPhase;
			buildActionMask = 2147483647;
			files = (
				F7F06E161550B48A00365CB5 /* InfoPlist.strings in Resources */,
				F7F06E291550CE3E00365CB5 /* schema.xml in Resources */,
				F7F06E2B1550CE4F00365CB5 /* schema.strings in Resources */,
			);
			runOnlyForDeploymentPostprocessing = 0;
		};
/* End PBXResourcesBuildPhase section */

/* Begin PBXShellScriptBuildPhase section */
		F7979863155220FD00CB9679 /* ShellScript */ = {
			isa = PBXShellScriptBuildPhase;
			buildActionMask = 8;
			files = (
			);
			inputPaths = (
			);
			outputPaths = (
			);
			runOnlyForDeploymentPostprocessing = 1;
			shellPath = /bin/sh;
			shellScript = "install_name_tool \\\n-change \\\n\"@executable_path/../Frameworks/OmniBase.framework/Versions/A/OmniBase\" \\\n\"@loader_path/../Frameworks/OmniBase.framework/Versions/A/OmniBase\" \\\n-change \\\n\"@executable_path/../Frameworks/OmniFoundation.framework/Versions/A/OmniFoundation\" \\\n\"@loader_path/../Frameworks/OmniFoundation.framework/Versions/A/OmniFoundation\" \\\n-change \\\n\"@executable_path/../Frameworks/OmniSQLite.framework/Versions/A/OmniSQLite\" \\\n\"@loader_path/../Frameworks/OmniSQLite.framework/Versions/A/OmniSQLite\" \\\n\\\n\"$TARGET_BUILD_DIR/$EXECUTABLE_PATH\"\n\ninstall_name_tool \\\n-change \\\n\"@rpath/OmniBase.framework/Versions/A/OmniBase\" \\\n\"@loader_path/../../../../Frameworks/OmniBase.framework/Versions/A/OmniBase\" \\\n-change \\\n\"@rpath/OmniFoundation.framework/Versions/A/OmniFoundation\" \\\n\"@loader_path/../../../../Frameworks/OmniFoundation.framework/Versions/A/OmniFoundation\" \\\n\"$TARGET_BUILD_DIR/$FRAMEWORKS_FOLDER_PATH/OmniSQLite.framework/Versions/A/OmniSQLite\"\n\ninstall_name_tool \\\n-change \\\n\"@rpath/OmniBase.framework/Versions/A/OmniBase\" \\\n\"@loader_path/../../../../Frameworks/OmniBase.framework/Versions/A/OmniBase\" \\\n\"$TARGET_BUILD_DIR/$FRAMEWORKS_FOLDER_PATH/OmniFoundation.framework/Versions/A/OmniFoundation\"";
		};
/* End PBXShellScriptBuildPhase section */

/* Begin PBXSourcesBuildPhase section */
		F7F06E021550B48A00365CB5 /* Sources */ = {
			isa = PBXSourcesBuildPhase;
			buildActionMask = 2147483647;
			files = (
				F7F06E181550B48A00365CB5 /* main.c in Sources */,
				F7F06E1A1550B48A00365CB5 /* GetMetadataForFile.m in Sources */,
				F7F06E1D1550B48A00365CB5 /* LSIImporter.m in Sources */,
			);
			runOnlyForDeploymentPostprocessing = 0;
		};
/* End PBXSourcesBuildPhase section */

/* Begin PBXTargetDependency section */
		F71E94DF155A14C70014A1D8 /* PBXTargetDependency */ = {
			isa = PBXTargetDependency;
			name = FMDB;
			targetProxy = F71E94DE155A14C70014A1D8 /* PBXContainerItemProxy */;
		};
/* End PBXTargetDependency section */

/* Begin PBXVariantGroup section */
		F7F06E141550B48A00365CB5 /* InfoPlist.strings */ = {
			isa = PBXVariantGroup;
			children = (
				F7F06E151550B48A00365CB5 /* en */,
			);
			name = InfoPlist.strings;
			sourceTree = "<group>";
		};
/* End PBXVariantGroup section */

/* Begin XCBuildConfiguration section */
		F7F06E201550B48A00365CB5 /* Debug */ = {
			isa = XCBuildConfiguration;
			buildSettings = {
				ALWAYS_SEARCH_USER_PATHS = NO;
				ARCHS = "$(ARCHS_STANDARD_64_BIT)";
				CLANG_ENABLE_OBJC_ARC = YES;
				COPY_PHASE_STRIP = NO;
				GCC_C_LANGUAGE_STANDARD = gnu99;
				GCC_DYNAMIC_NO_PIC = NO;
				GCC_ENABLE_OBJC_EXCEPTIONS = YES;
				GCC_OPTIMIZATION_LEVEL = 0;
				GCC_PREPROCESSOR_DEFINITIONS = (
					"DEBUG=1",
					"$(inherited)",
				);
				GCC_SYMBOLS_PRIVATE_EXTERN = NO;
				GCC_VERSION = com.apple.compilers.llvm.clang.1_0;
				GCC_WARN_64_TO_32_BIT_CONVERSION = YES;
				GCC_WARN_ABOUT_RETURN_TYPE = YES;
				GCC_WARN_UNINITIALIZED_AUTOS = YES;
				GCC_WARN_UNUSED_VARIABLE = YES;
				MACOSX_DEPLOYMENT_TARGET = 10.7;
				ONLY_ACTIVE_ARCH = YES;
				SDKROOT = macosx;
			};
			name = Debug;
		};
		F7F06E211550B48A00365CB5 /* Release */ = {
			isa = XCBuildConfiguration;
			buildSettings = {
				ALWAYS_SEARCH_USER_PATHS = NO;
				ARCHS = "$(ARCHS_STANDARD_64_BIT)";
				CLANG_ENABLE_OBJC_ARC = YES;
				COPY_PHASE_STRIP = YES;
				DEBUG_INFORMATION_FORMAT = "dwarf-with-dsym";
				GCC_C_LANGUAGE_STANDARD = gnu99;
				GCC_ENABLE_OBJC_EXCEPTIONS = YES;
				GCC_VERSION = com.apple.compilers.llvm.clang.1_0;
				GCC_WARN_64_TO_32_BIT_CONVERSION = YES;
				GCC_WARN_ABOUT_RETURN_TYPE = YES;
				GCC_WARN_UNINITIALIZED_AUTOS = YES;
				GCC_WARN_UNUSED_VARIABLE = YES;
				MACOSX_DEPLOYMENT_TARGET = 10.7;
				SDKROOT = macosx;
			};
			name = Release;
		};
		F7F06E231550B48A00365CB5 /* Debug */ = {
			isa = XCBuildConfiguration;
			buildSettings = {
				ALWAYS_SEARCH_USER_PATHS = YES;
				FRAMEWORK_SEARCH_PATHS = (
					"$(inherited)",
					"\"$(SRCROOT)/../../../Shared/bittondb/InstalledProducts\"",
				);
				GCC_PRECOMPILE_PREFIX_HEADER = YES;
				GCC_PREFIX_HEADER = "LightroomSpotlightImporter/LightroomSpotlightImporter-Prefix.pch";
				INFOPLIST_FILE = "LightroomSpotlightImporter/LightroomSpotlightImporter-Info.plist";
				LD_RUNPATH_SEARCH_PATHS = "";
				LIBRARY_STYLE = BUNDLE;
				MACH_O_TYPE = mh_bundle;
				OTHER_LDFLAGS = (
					"-all_load",
					"-ObjC",
					"-v",
				);
				PRODUCT_NAME = LightroomSpotlightImporter;
				WRAPPER_EXTENSION = mdimporter;
			};
			name = Debug;
		};
		F7F06E241550B48A00365CB5 /* Release */ = {
			isa = XCBuildConfiguration;
			buildSettings = {
				ALWAYS_SEARCH_USER_PATHS = YES;
				FRAMEWORK_SEARCH_PATHS = (
					"$(inherited)",
					"\"$(SRCROOT)/../../../Shared/bittondb/InstalledProducts\"",
				);
				GCC_PRECOMPILE_PREFIX_HEADER = YES;
				GCC_PREFIX_HEADER = "LightroomSpotlightImporter/LightroomSpotlightImporter-Prefix.pch";
				INFOPLIST_FILE = "LightroomSpotlightImporter/LightroomSpotlightImporter-Info.plist";
				LD_RUNPATH_SEARCH_PATHS = "";
				LIBRARY_STYLE = BUNDLE;
				MACH_O_TYPE = mh_bundle;
				OTHER_LDFLAGS = (
					"-all_load",
					"-ObjC",
					"-v",
				);
				PRODUCT_NAME = LightroomSpotlightImporter;
				WRAPPER_EXTENSION = mdimporter;
			};
			name = Release;
		};
/* End XCBuildConfiguration section */

/* Begin XCConfigurationList section */
		F7F06E001550B48900365CB5 /* Build configuration list for PBXProject "LightroomSpotlightImporter" */ = {
			isa = XCConfigurationList;
			buildConfigurations = (
				F7F06E201550B48A00365CB5 /* Debug */,
				F7F06E211550B48A00365CB5 /* Release */,
			);
			defaultConfigurationIsVisible = 0;
			defaultConfigurationName = Release;
		};
		F7F06E221550B48A00365CB5 /* Build configuration list for PBXNativeTarget "LightroomSpotlightImporter" */ = {
			isa = XCConfigurationList;
			buildConfigurations = (
				F7F06E231550B48A00365CB5 /* Debug */,
				F7F06E241550B48A00365CB5 /* Release */,
			);
			defaultConfigurationIsVisible = 0;
			defaultConfigurationName = Release;
		};
/* End XCConfigurationList section */
	};
	rootObject = F7F06DFD1550B48900365CB5 /* Project object */;
}
